<?xml version="1.0" encoding="utf-8"?>
<Project ToolsVersion="4.0" xmlns="http://schemas.microsoft.com/developer/msbuild/2003">
  <ItemGroup>
    <Filter Include="Common">
      <UniqueIdentifier>14669433-e497-40cb-ae78-3f2463252939</UniqueIdentifier>
    </Filter>
    <Filter Include="Assets">
      <UniqueIdentifier>31a0cd6d-2ef1-4cbe-af38-519d8609812d</UniqueIdentifier>
      <Extensions>ico;cur;bmp;dds;dlg;fbx;rct;bin;rgs;gif;jpg;jpeg;jpe;resx;tga;tiff;tif;png;wav;mfcribbon-ms</Extensions>
    </Filter>
  </ItemGroup>
  <ItemGroup>
    <ClInclude Include="pch.h" />
    <ClInclude Include="Game.h" />
    <ClInclude Include="StepTimer.h">
      <Filter>Common</Filter>
    </ClInclude>
    <ClInclude Include="DeviceResources.h">
      <Filter>Common</Filter>
    </ClInclude>
    <ClInclude Include="Game\SceneManager\IScene.h" />
    <ClInclude Include="Game\SceneManager\SceneManager.h" />
    <ClInclude Include="Game\Screen\Screen.h" />
    <ClInclude Include="Game\CommonResources\CommonResources.h" />
    <ClInclude Include="KumachiLib\Anchor\Anchor.h" />
    <ClInclude Include="KumachiLib\AudioManager\AudioManager.h" />
    <ClInclude Include="KumachiLib\BinaryFile\BinaryFile.h" />
    <ClInclude Include="KumachiLib\CreateShader\CreateShader.h" />
    <ClInclude Include="KumachiLib\DrawCollision\DrawCollision.h" />
    <ClInclude Include="KumachiLib\DrawPolygon\DrawPolygon.h" />
    <ClInclude Include="Libraries\FMOD\inc\fmod.h" />
    <ClInclude Include="Libraries\FMOD\inc\fmod.hpp" />
    <ClInclude Include="Libraries\FMOD\inc\fmod_codec.h" />
    <ClInclude Include="Libraries\FMOD\inc\fmod_common.h" />
    <ClInclude Include="Libraries\FMOD\inc\fmod_dsp.h" />
    <ClInclude Include="Libraries\FMOD\inc\fmod_dsp_effects.h" />
    <ClInclude Include="Libraries\FMOD\inc\fmod_errors.h" />
    <ClInclude Include="Libraries\FMOD\inc\fmod_output.h" />
    <ClInclude Include="Libraries\Json\json.hpp" />
    <ClInclude Include="KumachiLib\Math\KumachiLib.h" />
    <ClInclude Include="Libraries\Microsoft\DebugDraw.h" />
    <ClInclude Include="Libraries\Microsoft\ReadData.h" />
    <ClInclude Include="Libraries\MyLib\DebugCamera.h" />
    <ClInclude Include="Libraries\MyLib\DebugString.h" />
    <ClInclude Include="Libraries\MyLib\GridFloor.h" />
    <ClInclude Include="Libraries\MyLib\InputManager.h" />
    <ClInclude Include="Libraries\MyLib\MemoryLeakDetector.h" />
    <ClInclude Include="Game\Scenes\PlayScene\PlayScene.h" />
    <ClInclude Include="Game\MainScreen\CSVMap\CSVMap.h" />
    <ClInclude Include="Game\ControllScreen\Canvas\Canvas.h" />
    <ClInclude Include="KumachiLib\ModelManager\ModelManager.h" />
    <ClInclude Include="KumachiLib\TextureManager\TextureManager.h" />
    <ClInclude Include="Game\ControllScreen\UIBack\UIBack.h" />
    <ClInclude Include="Game\ControllScreen\Panel\Panel.h" />
    <ClInclude Include="Game\Interface\IUI.h" />
    <ClInclude Include="Game\Camera\FixedCamera\FixedCamera.h" />
    <ClInclude Include="Game\ControllScreen\NextTiles\NextTiles.h" />
    <ClInclude Include="Game\Mouse\Mouse.h" />
    <ClInclude Include="Game\MainScreen\MiniCharacter\Interface\IComponent.h" />
    <ClInclude Include="Game\MainScreen\MiniCharacter\Interface\IComposite.h" />
    <ClInclude Include="Game\MainScreen\MiniCharacter\Interface\ILeaf.h" />
    <ClInclude Include="Game\MainScreen\MiniCharacter\MiniCharacter.h" />
    <ClInclude Include="Game\MainScreen\MiniCharacter\MiniCharacterBase\MiniCharacterBase.h" />
    <ClInclude Include="KumachiLib\Easing\Easing.h" />
    <ClInclude Include="Game\MainScreen\Tiles\TileBase\TileBase.h" />
    <ClInclude Include="Game\MainScreen\Tiles\StraightVerticalTile\StraightVerticalTile.h" />
    <ClInclude Include="Game\MainScreen\Tiles\StraightHorizontalTile\StraightHorizontalTile.h" />
    <ClInclude Include="Game\MainScreen\Tiles\TileFactory\TileFactory.h" />
    <ClInclude Include="Game\MainScreen\Tiles\LeftUpTile\LeftUpTile.h" />
    <ClInclude Include="Game\MainScreen\Tiles\RightUpTile\RightUpTile.h" />
    <ClInclude Include="Game\MainScreen\Tiles\LeftDownTile\LeftDownTile.h" />
    <ClInclude Include="Game\MainScreen\Tiles\RightDownTile\RightDownTile.h" />
    <ClInclude Include="Game\MainScreen\Tiles\GoalTile\GoalTile.h" />
    <ClInclude Include="Game\MainScreen\Tiles\StartTile\StartTile.h" />
    <ClInclude Include="Game\MainScreen\Tiles\CrossTile\CrossTile.h" />
    <ClInclude Include="Game\MainScreen\MiniCharacter\Sheep\Sheep.h" />
    <ClInclude Include="Game\MainScreen\MiniCharacter\Unicycle\UnicycleBody\UnicycleBody.h" />
    <ClInclude Include="Game\MainScreen\MiniCharacter\Unicycle\UnicycleWheel\UnicycleWheel.h" />
    <ClInclude Include="Game\MainScreen\CSVItem\CSVItem.h" />
    <ClInclude Include="Game\MainScreen\Tiles\BlockTile\BlockTile.h" />
    <ClInclude Include="Game\MainScreen\Items\ItemBase\ItemBase.h" />
    <ClInclude Include="Game\MainScreen\Items\ItemFactory\ItemFactory.h" />
    <ClInclude Include="Game\MainScreen\Items\Medal\Medal.h" />
    <ClInclude Include="Game\MainScreen\Items\ItemDatas\ItemDatas.h" />
    <ClInclude Include="Game\MainScreen\Tiles\TileDatas\TileDatas.h" />
    <ClInclude Include="Game\ControllScreen\MedalCounter\MedalCounter.h" />
    <ClInclude Include="Game\ControllScreen\TileConnectionTable\TileConnectionTable.h" />
    <ClInclude Include="Game\Scenes\StageSelectScene\StageSelectScene.h" />
    <ClInclude Include="Game\MainScreen\MiniCharacter\MiniCharacterSelectStage\MiniCharacterSelectStage.h" />
    <ClInclude Include="Game\Scenes\StageSelectScene\StageSelect\StageSelect.h" />
    <ClInclude Include="Game\Scenes\StageSelectScene\PlaneArea\PlaneArea.h" />
    <ClInclude Include="KumachiLib\MouseClick\MouseClick.h" />
    <ClInclude Include="Game\Scenes\StageSelectScene\StageGate\StageGate.h" />
    <ClInclude Include="Game\Camera\TrackingCamera\TrackingCamera.h" />
    <ClInclude Include="KumachiLib\FileCounter\FileCounter.h" />
    <ClInclude Include="Game\MainScreen\Items\GoalLock\GoalLock.h" />
    <ClInclude Include="Game\Scenes\PlayScene\ResultAnimation\ResultAnimation.h" />
    <ClInclude Include="Game\Scenes\PlayScene\ResultUI\ResultUI.h" />
    <ClInclude Include="Game\MainScreen\SpeedUpButton\SpeedUpButton.h" />
    <ClInclude Include="Game\Interface\IGameUI.h" />
    <ClInclude Include="Game\Interface\IButton.h" />
    <ClInclude Include="KumachiLib\Button\Button.h" />
    <ClInclude Include="Game\Scenes\TitleScene\TitleScene.h" />
    <ClInclude Include="Game\Interface\IImage.h" />
    <ClInclude Include="Game\Scenes\TitleScene\TitleLogo\TitleLogo.h" />
    <ClInclude Include="KumachiLib\Image\Image.h" />
    <ClInclude Include="KumachiLib\Rect\Rect.h" />
    <ClInclude Include="KumachiLib\AnimationStep\AnimationStep.h" />
    <ClInclude Include="Game\Fade\Fade.h" />
    <ClInclude Include="Game\Scenes\TitleScene\TitleButton\TitleButton.h" />
    <ClInclude Include="KumachiLib\Animaiton\Animation.h" />
    <ClInclude Include="KumachiLib\ShaderBuffer\ShaderBuffer.h" />
    <ClInclude Include="Game\MainScreen\MiniCharacter\MiniCharacterTitle\MiniCharacterTitle.h" />
    <ClInclude Include="Game\Scenes\TitleScene\TitleAnimationState\TitleAnimationState.h" />
  </ItemGroup>
  <ItemGroup>
    <ClCompile Include="pch.cpp" />
    <ClCompile Include="Game.cpp" />
    <ClCompile Include="Main.cpp" />
    <ClCompile Include="DeviceResources.cpp">
      <Filter>Common</Filter>
    </ClCompile>
    <ClCompile Include="Game\SceneManager\SceneManager.cpp" />
    <ClCompile Include="Game\CommonResources\CommonResources.cpp" />
    <ClCompile Include="KumachiLib\AudioManager\AudioManager.cpp" />
    <ClCompile Include="KumachiLib\BinaryFile\BinaryFile.cpp" />
    <ClCompile Include="KumachiLib\CreateShader\CreateShader.cpp" />
    <ClCompile Include="KumachiLib\DrawCollision\DrawCollision.cpp" />
    <ClCompile Include="KumachiLib\DrawPolygon\DrawPolygon.cpp" />
    <ClCompile Include="Libraries\Microsoft\DebugDraw.cpp" />
    <ClCompile Include="Libraries\MyLib\DebugCamera.cpp" />
    <ClCompile Include="Libraries\MyLib\DebugString.cpp" />
    <ClCompile Include="Libraries\MyLib\GridFloor.cpp" />
    <ClCompile Include="Libraries\MyLib\InputManager.cpp" />
    <ClCompile Include="Game\Scenes\PlayScene\PlayScene.cpp" />
    <ClCompile Include="Game\MainScreen\CSVMap\CSVMap.cpp" />
    <ClCompile Include="Game\ControllScreen\Canvas\Canvas.cpp" />
    <ClCompile Include="KumachiLib\ModelManager\ModelManager.cpp" />
    <ClCompile Include="KumachiLib\TextureManager\TextureManager.cpp" />
    <ClCompile Include="Game\ControllScreen\UIBack\UIBack.cpp" />
    <ClCompile Include="Game\ControllScreen\Panel\Panel.cpp" />
    <ClCompile Include="Game\Camera\FixedCamera\FixedCamera.cpp" />
    <ClCompile Include="Game\ControllScreen\NextTiles\NextTiles.cpp" />
    <ClCompile Include="Game\Mouse\Mouse.cpp" />
    <ClCompile Include="Game\MainScreen\MiniCharacter\MiniCharacter.cpp" />
    <ClCompile Include="Game\MainScreen\MiniCharacter\MiniCharacterBase\MiniCharacterBase.cpp" />
    <ClCompile Include="Game\MainScreen\Tiles\StraightVerticalTile\StraightVerticalTile.cpp" />
    <ClCompile Include="Game\MainScreen\Tiles\StraightHorizontalTile\StraightHorizontalTile.cpp" />
    <ClCompile Include="Game\MainScreen\Tiles\TileFactory\TileFactory.cpp" />
    <ClCompile Include="Game\MainScreen\Tiles\LeftUpTile\LeftUpTile.cpp" />
    <ClCompile Include="Game\MainScreen\Tiles\RightUpTile\RightUpTile.cpp" />
    <ClCompile Include="Game\MainScreen\Tiles\LeftDownTile\LeftDownTile.cpp" />
    <ClCompile Include="Game\MainScreen\Tiles\RightDownTile\RightDownTile.cpp" />
    <ClCompile Include="Game\MainScreen\Tiles\GoalTile\GoalTile.cpp" />
    <ClCompile Include="Game\MainScreen\Tiles\StartTile\StartTile.cpp" />
    <ClCompile Include="Game\MainScreen\Tiles\CrossTile\CrossTile.cpp" />
    <ClCompile Include="Game\MainScreen\MiniCharacter\Sheep\Sheep.cpp" />
    <ClCompile Include="Game\MainScreen\MiniCharacter\Unicycle\UnicycleBody\UnicycleBody.cpp" />
    <ClCompile Include="Game\MainScreen\MiniCharacter\Unicycle\UnicycleWheel\UnicycleWheel.cpp" />
    <ClCompile Include="Game\MainScreen\CSVItem\CSVItem.cpp" />
    <ClCompile Include="Game\MainScreen\Tiles\BlockTile\BlockTile.cpp" />
    <ClCompile Include="Game\MainScreen\Items\ItemFactory\ItemFactory.cpp" />
    <ClCompile Include="Game\MainScreen\Items\Medal\Medal.cpp" />
    <ClCompile Include="Game\ControllScreen\MedalCounter\MedalCounter.cpp" />
    <ClCompile Include="Game\ControllScreen\TileConnectionTable\TileConnectionTable.cpp" />
    <ClCompile Include="Game\Scenes\StageSelectScene\StageSelectScene.cpp" />
    <ClCompile Include="Game\MainScreen\MiniCharacter\MiniCharacterSelectStage\MiniCharacterSelectStage.cpp" />
    <ClCompile Include="Game\Scenes\StageSelectScene\StageSelect\StageSelect.cpp" />
    <ClCompile Include="Game\Scenes\StageSelectScene\PlaneArea\PlaneArea.cpp" />
    <ClCompile Include="KumachiLib\MouseClick\MouseClick.cpp" />
    <ClCompile Include="Game\Scenes\StageSelectScene\StageGate\StageGate.cpp" />
    <ClCompile Include="Game\Camera\TrackingCamera\TrackingCamera.cpp" />
    <ClCompile Include="KumachiLib\FileCounter\FileCounter.cpp" />
    <ClCompile Include="Game\MainScreen\Items\GoalLock\GoalLock.cpp" />
    <ClCompile Include="Game\Scenes\PlayScene\ResultAnimation\ResultAnimation.cpp" />
    <ClCompile Include="Game\Scenes\PlayScene\ResultUI\ResultUI.cpp" />
    <ClCompile Include="Game\MainScreen\SpeedUpButton\SpeedUpButton.cpp" />
    <ClCompile Include="KumachiLib\Button\Button.cpp" />
    <ClCompile Include="Game\Scenes\TitleScene\TitleScene.cpp" />
    <ClCompile Include="KumachiLib\Image\Image.cpp" />
    <ClCompile Include="Game\Scenes\TitleScene\TitleLogo\TitleLogo.cpp" />
    <ClCompile Include="Game\Fade\Fade.cpp" />
    <ClCompile Include="Game\Scenes\TitleScene\TitleButton\TitleButton.cpp" />
    <ClCompile Include="KumachiLib\Animaiton\Animation.cpp" />
    <ClCompile Include="Game\MainScreen\MiniCharacter\MiniCharacterTitle\MiniCharacterTitle.cpp" />
  </ItemGroup>
  <ItemGroup>
    <ResourceCompile Include="resource.rc" />
  </ItemGroup>
  <ItemGroup>
    <Image Include="directx.ico">
      <Filter>Assets</Filter>
    </Image>
  </ItemGroup>
  <ItemGroup>
    <Manifest Include="settings.manifest">
      <Filter>Assets</Filter>
    </Manifest>
  </ItemGroup>
  <ItemGroup>
    <None Include="packages.config" />
    <None Include="HLSL\Particle\Particle.hlsli" />
    <None Include="HLSL\CRT\CRT.hlsli" />
    <None Include="HLSL\Tile\Tile.hlsli" />
    <None Include="ClassDiagram.cd" />
    <None Include="HLSL\Counter\Counter.hlsli" />
  </ItemGroup>
  <ItemGroup>
    <FxCompile Include="HLSL\Particle\GS_Particle.hlsl" />
    <FxCompile Include="HLSL\Particle\PS_Particle.hlsl" />
    <FxCompile Include="HLSL\Particle\VS_Particle.hlsl" />
    <FxCompile Include="HLSL\CRT\PS_CRT.hlsl" />
    <FxCompile Include="HLSL\CRT\VS_CRT.hlsl" />
    <FxCompile Include="HLSL\Radar\PS_Radar.hlsl" />
    <FxCompile Include="HLSL\Radar\VS_Radar.hlsl" />
    <FxCompile Include="HLSL\UI\VS_UI.hlsl" />
    <FxCompile Include="HLSL\UI\PS_UI.hlsl" />
    <FxCompile Include="HLSL\Tile\GS_Tile.hlsl" />
    <FxCompile Include="HLSL\Tile\PS_Tile.hlsl" />
    <FxCompile Include="HLSL\Tile\VS_Tile.hlsl" />
    <FxCompile Include="HLSL\Counter\PS_Counter.hlsl" />
    <FxCompile Include="HLSL\Counter\VS_Counter.hlsl" />
    <FxCompile Include="HLSL\Fade\PS_Fade.hlsl" />
    <FxCompile Include="HLSL\Fade\VS_Fade.hlsl" />
  </ItemGroup>
</Project>