<?xml version="1.0" encoding="utf-8"?>
<Project ToolsVersion="4.0" xmlns="http://schemas.microsoft.com/developer/msbuild/2003">
  <ItemGroup>
    <Filter Include="Common">
      <UniqueIdentifier>14669433-e497-40cb-ae78-3f2463252939</UniqueIdentifier>
    </Filter>
    <Filter Include="Assets">
      <UniqueIdentifier>31a0cd6d-2ef1-4cbe-af38-519d8609812d</UniqueIdentifier>
      <Extensions>ico;cur;bmp;dds;dlg;fbx;rct;bin;rgs;gif;jpg;jpeg;jpe;resx;tga;tiff;tif;png;wav;mfcribbon-ms</Extensions>
    </Filter>
  </ItemGroup>
  <ItemGroup>
    <ClInclude Include="pch.h" />
    <ClInclude Include="Game.h" />
    <ClInclude Include="StepTimer.h">
      <Filter>Common</Filter>
    </ClInclude>
    <ClInclude Include="DeviceResources.h">
      <Filter>Common</Filter>
    </ClInclude>
    <ClInclude Include="Game\SceneManager\IScene.h" />
    <ClInclude Include="Game\SceneManager\SceneManager.h" />
    <ClInclude Include="Game\Screen\Screen.h" />
    <ClInclude Include="Game\CommonResources\CommonResources.h" />
    <ClInclude Include="KumachiLib\Anchor\Anchor.h" />
    <ClInclude Include="KumachiLib\AudioManager\AudioManager.h" />
    <ClInclude Include="KumachiLib\BinaryFile\BinaryFile.h" />
    <ClInclude Include="KumachiLib\CreateShader\CreateShader.h" />
    <ClInclude Include="KumachiLib\DrawCollision\DrawCollision.h" />
    <ClInclude Include="KumachiLib\DrawPolygon\DrawPolygon.h" />
    <ClInclude Include="Libraries\FMOD\inc\fmod.h" />
    <ClInclude Include="Libraries\FMOD\inc\fmod.hpp" />
    <ClInclude Include="Libraries\FMOD\inc\fmod_codec.h" />
    <ClInclude Include="Libraries\FMOD\inc\fmod_common.h" />
    <ClInclude Include="Libraries\FMOD\inc\fmod_dsp.h" />
    <ClInclude Include="Libraries\FMOD\inc\fmod_dsp_effects.h" />
    <ClInclude Include="Libraries\FMOD\inc\fmod_errors.h" />
    <ClInclude Include="Libraries\FMOD\inc\fmod_output.h" />
    <ClInclude Include="Libraries\Json\json.hpp" />
    <ClInclude Include="KumachiLib\Math\KumachiLib.h" />
    <ClInclude Include="Libraries\Microsoft\DebugDraw.h" />
    <ClInclude Include="Libraries\Microsoft\ReadData.h" />
    <ClInclude Include="Libraries\MyLib\DebugCamera.h" />
    <ClInclude Include="Libraries\MyLib\DebugString.h" />
    <ClInclude Include="Libraries\MyLib\GridFloor.h" />
    <ClInclude Include="Libraries\MyLib\InputManager.h" />
    <ClInclude Include="Libraries\MyLib\MemoryLeakDetector.h" />
    <ClInclude Include="KumachiLib\ModelManager\ModelManager.h" />
    <ClInclude Include="KumachiLib\TextureManager\TextureManager.h" />
    <ClInclude Include="Game\Interface\IUI.h" />
    <ClInclude Include="Game\Camera\FixedCamera\FixedCamera.h" />
    <ClInclude Include="KumachiLib\Easing\Easing.h" />
    <ClInclude Include="Game\MainScreen\Tiles\StraightHorizontalTile\StraightHorizontalTile.h" />
    <ClInclude Include="Game\MainScreen\Tiles\TileFactory\TileFactory.h" />
    <ClInclude Include="KumachiLib\MouseClick\MouseClick.h" />
    <ClInclude Include="Game\Camera\TrackingCamera\TrackingCamera.h" />
    <ClInclude Include="KumachiLib\FileCounter\FileCounter.h" />
    <ClInclude Include="Game\Interface\IGameUI.h" />
    <ClInclude Include="Game\Interface\IButton.h" />
    <ClInclude Include="KumachiLib\Button\Button.h" />
    <ClInclude Include="Game\Interface\IImage.h" />
    <ClInclude Include="KumachiLib\Image\Image.h" />
    <ClInclude Include="KumachiLib\Rect\Rect.h" />
    <ClInclude Include="KumachiLib\AnimationStep\AnimationStep.h" />
    <ClInclude Include="Game\Fade\Fade.h" />
    <ClInclude Include="KumachiLib\Animaiton\Animation.h" />
    <ClInclude Include="KumachiLib\ShaderBuffer\ShaderBuffer.h" />
    <ClInclude Include="Game\Sky\Sky.h" />
    <ClInclude Include="Game\Particle\Particle.h" />
    <ClInclude Include="Game\Particle\Utility.h" />
    <ClInclude Include="Game\Interface\ICamera.h" />
    <ClInclude Include="KumachiLib\Bloom\Bloom.h" />
    <ClInclude Include="Libraries\Microsoft\RenderTexture\RenderTexture.h" />
    <ClInclude Include="KumachiLib\ShadowMapLight\ShadowMapLight.h" />
    <ClInclude Include="Libraries\MyLib\DepthStencil.h" />
    <ClInclude Include="KumachiLib\SettingManager\SettingManager.h" />
    <ClInclude Include="KumachiLib\ScrollBar\ScrollBar.h" />
    <ClInclude Include="Game\Interface\IScrollBar.h" />
    <ClInclude Include="KumachiLib\OutLine\OutLine.h" />
    <ClInclude Include="KumachiLib\UIText\UIText.h" />
    <ClInclude Include="KumachiLib\Material\Material.h" />
    <ClInclude Include="Game\MetalMoon\MetalMoon.h" />
    <ClInclude Include="Game\Car\Car.h" />
    <ClInclude Include="Game\Scenes\RehabiliScene\RehabiliScene.h" />
    <ClInclude Include="Game\Android\Android.h" />
    <ClInclude Include="Game\Camera\TPCamera\TPCamera.h" />
    <ClInclude Include="Game\Puyo\Puyo.h" />
    <ClInclude Include="Game\PuyoGrid\PuyoGrid.h" />
    <ClInclude Include="Game\PuyoManager\PuyoManager.h" />
    <ClInclude Include="KumachiLib\BillboardSprite\BillboardSprite.h" />
    <ClInclude Include="Game\Player2D\Player2D.h" />
    <ClInclude Include="..\..\..\Downloads\Singleton.h" />
    <ClInclude Include="KumachiLib\Singleton\Singleton.h" />
    <ClInclude Include="Game\MyResources\MyResources.h" />
    <ClInclude Include="Game\Player2D\PlayerDirection.h" />
    <ClInclude Include="Game\GameObject\IGameObject.h" />
    <ClInclude Include="Game\Map\MapTile.h" />
    <ClInclude Include="Game\OverWorldMap\OverWorldMap.h" />
  </ItemGroup>
  <ItemGroup>
    <ClCompile Include="pch.cpp" />
    <ClCompile Include="Game.cpp" />
    <ClCompile Include="Main.cpp" />
    <ClCompile Include="DeviceResources.cpp">
      <Filter>Common</Filter>
    </ClCompile>
    <ClCompile Include="Game\SceneManager\SceneManager.cpp" />
    <ClCompile Include="Game\CommonResources\CommonResources.cpp" />
    <ClCompile Include="KumachiLib\AudioManager\AudioManager.cpp" />
    <ClCompile Include="KumachiLib\BinaryFile\BinaryFile.cpp" />
    <ClCompile Include="KumachiLib\CreateShader\CreateShader.cpp" />
    <ClCompile Include="KumachiLib\DrawCollision\DrawCollision.cpp" />
    <ClCompile Include="KumachiLib\DrawPolygon\DrawPolygon.cpp" />
    <ClCompile Include="Libraries\Microsoft\DebugDraw.cpp" />
    <ClCompile Include="Libraries\MyLib\DebugCamera.cpp" />
    <ClCompile Include="Libraries\MyLib\DebugString.cpp" />
    <ClCompile Include="Libraries\MyLib\GridFloor.cpp" />
    <ClCompile Include="Libraries\MyLib\InputManager.cpp" />
    <ClCompile Include="KumachiLib\ModelManager\ModelManager.cpp" />
    <ClCompile Include="KumachiLib\TextureManager\TextureManager.cpp" />
    <ClCompile Include="Game\Camera\FixedCamera\FixedCamera.cpp" />
    <ClCompile Include="KumachiLib\MouseClick\MouseClick.cpp" />
    <ClCompile Include="Game\Camera\TrackingCamera\TrackingCamera.cpp" />
    <ClCompile Include="KumachiLib\FileCounter\FileCounter.cpp" />
    <ClCompile Include="KumachiLib\Button\Button.cpp" />
    <ClCompile Include="KumachiLib\Image\Image.cpp" />
    <ClCompile Include="Game\Fade\Fade.cpp" />
    <ClCompile Include="KumachiLib\Animaiton\Animation.cpp" />
    <ClCompile Include="Game\Sky\Sky.cpp" />
    <ClCompile Include="Game\Particle\Particle.cpp" />
    <ClCompile Include="Game\Particle\Utility.cpp" />
    <ClCompile Include="KumachiLib\Bloom\Bloom.cpp" />
    <ClCompile Include="Libraries\Microsoft\RenderTexture\RenderTexture.cpp" />
    <ClCompile Include="KumachiLib\ShadowMapLight\ShadowMapLight.cpp" />
    <ClCompile Include="Libraries\MyLib\DepthStencil.cpp" />
    <ClCompile Include="KumachiLib\SettingManager\SettingManager.cpp" />
    <ClCompile Include="KumachiLib\ScrollBar\ScrollBar.cpp" />
    <ClCompile Include="KumachiLib\OutLine\OutLine.cpp" />
    <ClCompile Include="KumachiLib\UIText\UIText.cpp" />
    <ClCompile Include="KumachiLib\Material\Material.cpp" />
    <ClCompile Include="Game\MetalMoon\MetalMoon.cpp" />
    <ClCompile Include="Game\Car\Car.cpp" />
    <ClCompile Include="Game\Scenes\RehabiliScene\RehabiliScene.cpp" />
    <ClCompile Include="Game\Android\Android.cpp" />
    <ClCompile Include="Game\Camera\TPCamera\TPCamera.cpp" />
    <ClCompile Include="Game\Puyo\Puyo.cpp" />
    <ClCompile Include="Game\PuyoGrid\PuyoGrid.cpp" />
    <ClCompile Include="Game\PuyoManager\PuyoManager.cpp" />
    <ClCompile Include="KumachiLib\BillboardSprite\BillboardSprite.cpp" />
    <ClCompile Include="Game\Player2D\Player2D.cpp" />
    <ClCompile Include="Game\MyResources\MyResources.cpp" />
    <ClCompile Include="Game\Map\MapTile.cpp" />
    <ClCompile Include="Game\OverWorldMap\OverWorldMap.cpp" />
  </ItemGroup>
  <ItemGroup>
    <ResourceCompile Include="resource.rc" />
  </ItemGroup>
  <ItemGroup>
    <Image Include="directx.ico">
      <Filter>Assets</Filter>
    </Image>
  </ItemGroup>
  <ItemGroup>
    <Manifest Include="settings.manifest">
      <Filter>Assets</Filter>
    </Manifest>
  </ItemGroup>
  <ItemGroup>
    <None Include="packages.config" />
    <None Include="HLSL\Particle\Particle.hlsli" />
    <None Include="HLSL\Tile\Tile.hlsli" />
    <None Include="ClassDiagram.cd" />
    <None Include="HLSL\Counter\Counter.hlsli" />
    <None Include="HLSL\Sky\Header.hlsli" />
    <None Include="HLSL\ShadowMapLight\Common.hlsli" />
    <None Include="HLSL\ShadowMapLight\Params.hlsli" />
    <None Include="Resources\Jsons\Models.json" />
    <None Include="Resources\Jsons\Textures.json" />
    <None Include="Resources\Jsons\Audios.json" />
    <None Include="Resources\Jsons\Setting.json" />
    <None Include="HLSL\UVScroll\UVScroll.hlsli" />
    <None Include="HLSL\OutLine\Common.hlsli" />
    <None Include="HLSL\OutLine\Params.hlsli" />
    <None Include="HLSL\Material\Material.hlsli" />
    <None Include="HLSL\Material\MaterialNoTex.hlsli" />
    <None Include="HLSL\SDKMesh\Header.hlsli" />
    <None Include="docs\PuyoManager_RefactorPlan.md" />
  </ItemGroup>
  <ItemGroup>
    <FxCompile Include="HLSL\Particle\GS_Particle.hlsl" />
    <FxCompile Include="HLSL\Particle\PS_Shine.hlsl" />
    <FxCompile Include="HLSL\Particle\VS_Particle.hlsl" />
    <FxCompile Include="HLSL\UI\VS_UI.hlsl" />
    <FxCompile Include="HLSL\UI\PS_UI.hlsl" />
    <FxCompile Include="HLSL\Tile\GS_Tile.hlsl" />
    <FxCompile Include="HLSL\Tile\PS_Tile.hlsl" />
    <FxCompile Include="HLSL\Tile\VS_Tile.hlsl" />
    <FxCompile Include="HLSL\Counter\PS_Counter.hlsl" />
    <FxCompile Include="HLSL\Counter\VS_Counter.hlsl" />
    <FxCompile Include="HLSL\Fade\PS_Fade.hlsl" />
    <FxCompile Include="HLSL\Fade\VS_Fade.hlsl" />
    <FxCompile Include="HLSL\Sky\PS_Sky.hlsl" />
    <FxCompile Include="HLSL\Sky\VS_Sky.hlsl" />
    <FxCompile Include="HLSL\Particle\PS_Dust.hlsl" />
    <FxCompile Include="HLSL\Particle\PS_Sweat.hlsl" />
    <FxCompile Include="HLSL\ShadowMapLight\PS_Light.hlsl" />
    <FxCompile Include="HLSL\ShadowMapLight\PS_ShadowMap.hlsl" />
    <FxCompile Include="HLSL\ShadowMapLight\VS_Light.hlsl" />
    <FxCompile Include="HLSL\ShadowMapLight\VS_ShadowMap.hlsl" />
    <FxCompile Include="HLSL\Particle\GS_Confetti.hlsl" />
    <FxCompile Include="HLSL\Particle\PS_Confetti.hlsl" />
    <FxCompile Include="HLSL\UVScroll\VS_UVScroll.hlsl" />
    <FxCompile Include="HLSL\UVScroll\PS_UVScroll.hlsl" />
    <FxCompile Include="HLSL\OutLine\PS_Outline.hlsl" />
    <FxCompile Include="HLSL\OutLine\VS_Outline.hlsl" />
    <FxCompile Include="HLSL\Material\PS_Stage.hlsl" />
    <FxCompile Include="HLSL\Material\VS_Stage.hlsl" />
    <FxCompile Include="HLSL\Material\PS_Metallic.hlsl" />
    <FxCompile Include="HLSL\Material\VS_Metallic.hlsl" />
    <FxCompile Include="HLSL\Material\PS_MetallicNoTex.hlsl" />
    <FxCompile Include="HLSL\Material\VS_MetallicNoTex.hlsl" />
    <FxCompile Include="HLSL\SDKMesh\VS_SDKMesh.hlsl" />
    <FxCompile Include="HLSL\SDKMesh\PS_SDKMesh.hlsl" />
  </ItemGroup>
</Project>